{
  "originHash" : "14da731a79de50e620b086039e376b10e6af990730caa94a4517a6c8c6823f32",
  "pins" : [
    {
      "identity" : "alamofire",
      "kind" : "remoteSourceControl",
      "location" : "https://github.com/Alamofire/Alamofire.git",
      "state" : {
        "revision" : "e938f8c66708e7352fc7e3512647fa54255b267a",
        "version" : "5.11.2"
      }
    },
    {
      "identity" : "realm-core",
      "kind" : "remoteSourceControl",
      "location" : "https://github.com/realm/realm-core.git",
      "state" : {
        "revision" : "4cc46f8607516226e5465062fdacd088fbd94552",
        "version" : "20.1.4"
      }
    },
    {
      "identity" : "realm-swift",
      "kind" : "remoteSourceControl",
      "location" : "https://github.com/realm/realm-swift",
      "state" : {
        "branch" : "community",
        "revision" : "1cd09f1a41e7336f3c3eea76b60bc979bbdf46a9"
      }
    },
    {
      "identity" : "rxswift",
      "kind" : "remoteSourceControl",
      "location" : "https://github.com/ReactiveX/RxSwift.git",
      "state" : {
        "revision" : "132aea4f236ccadc51590b38af0357a331d51fa2",
        "version" : "6.10.2"
      }
    }
  ],
  "version" : 3
}
